// !$*UTF8*$!
{
	archiveVersion = 1;
	classes = {
	};
	objectVersion = 50;
	objects = {

/* Begin PBXBuildFile section */
		3467BF9D24A92A2D00101453 /* maple-french-toast@2x.jpg in Resources */ = {isa = PBXBuildFile; fileRef = 3467BF2924A92A2D00101453 /* maple-french-toast@2x.jpg */; };
		3467BF9E24A92A2D00101453 /* mushroom-tagliatelle-thumb@3x.jpg in Resources */ = {isa = PBXBuildFile; fileRef = 3467BF2A24A92A2D00101453 /* mushroom-tagliatelle-thumb@3x.jpg */; };
		3467BF9F24A92A2D00101453 /* strawberry-surprise-thumb@2x.jpg in Resources */ = {isa = PBXBuildFile; fileRef = 3467BF2B24A92A2D00101453 /* strawberry-surprise-thumb@2x.jpg */; };
		3467BFA024A92A2D00101453 /* virgin-mojito@3x.jpg in Resources */ = {isa = PBXBuildFile; fileRef = 3467BF2C24A92A2D00101453 /* virgin-mojito@3x.jpg */; };
		3467BFA124A92A2D00101453 /* pesto-farfalle-thumb@2x.jpg in Resources */ = {isa = PBXBuildFile; fileRef = 3467BF2D24A92A2D00101453 /* pesto-farfalle-thumb@2x.jpg */; };
		3467BFA224A92A2D00101453 /* fresh-baked-croissant@2x.jpg in Resources */ = {isa = PBXBuildFile; fileRef = 3467BF2E24A92A2D00101453 /* fresh-baked-croissant@2x.jpg */; };
		3467BFA324A92A2D00101453 /* thai-red-curry@2x.jpg in Resources */ = {isa = PBXBuildFile; fileRef = 3467BF2F24A92A2D00101453 /* thai-red-curry@2x.jpg */; };
		3467BFA424A92A2D00101453 /* macarons-galore-thumb@2x.jpg in Resources */ = {isa = PBXBuildFile; fileRef = 3467BF3024A92A2D00101453 /* macarons-galore-thumb@2x.jpg */; };
		3467BFA524A92A2D00101453 /* power-muesli@2x.jpg in Resources */ = {isa = PBXBuildFile; fileRef = 3467BF3124A92A2D00101453 /* power-muesli@2x.jpg */; };
		3467BFA624A92A2D00101453 /* mexican-mocha-thumb@2x.jpg in Resources */ = {isa = PBXBuildFile; fileRef = 3467BF3224A92A2D00101453 /* mexican-mocha-thumb@2x.jpg */; };
		3467BFA724A92A2D00101453 /* mexican-mocha-thumb@3x.jpg in Resources */ = {isa = PBXBuildFile; fileRef = 3467BF3324A92A2D00101453 /* mexican-mocha-thumb@3x.jpg */; };
		3467BFA824A92A2D00101453 /* power-muesli@3x.jpg in Resources */ = {isa = PBXBuildFile; fileRef = 3467BF3424A92A2D00101453 /* power-muesli@3x.jpg */; };
		3467BFA924A92A2D00101453 /* macarons-galore-thumb@3x.jpg in Resources */ = {isa = PBXBuildFile; fileRef = 3467BF3524A92A2D00101453 /* macarons-galore-thumb@3x.jpg */; };
		3467BFAA24A92A2D00101453 /* thai-red-curry@3x.jpg in Resources */ = {isa = PBXBuildFile; fileRef = 3467BF3624A92A2D00101453 /* thai-red-curry@3x.jpg */; };
		3467BFAB24A92A2D00101453 /* fresh-baked-croissant@3x.jpg in Resources */ = {isa = PBXBuildFile; fileRef = 3467BF3724A92A2D00101453 /* fresh-baked-croissant@3x.jpg */; };
		3467BFAC24A92A2D00101453 /* pesto-farfalle-thumb@3x.jpg in Resources */ = {isa = PBXBuildFile; fileRef = 3467BF3824A92A2D00101453 /* pesto-farfalle-thumb@3x.jpg */; };
		3467BFAD24A92A2D00101453 /* virgin-mojito@2x.jpg in Resources */ = {isa = PBXBuildFile; fileRef = 3467BF3924A92A2D00101453 /* virgin-mojito@2x.jpg */; };
		3467BFAE24A92A2D00101453 /* strawberry-surprise-thumb@3x.jpg in Resources */ = {isa = PBXBuildFile; fileRef = 3467BF3A24A92A2D00101453 /* strawberry-surprise-thumb@3x.jpg */; };
		3467BFAF24A92A2D00101453 /* mushroom-tagliatelle-thumb@2x.jpg in Resources */ = {isa = PBXBuildFile; fileRef = 3467BF3B24A92A2D00101453 /* mushroom-tagliatelle-thumb@2x.jpg */; };
		3467BFB024A92A2D00101453 /* maple-french-toast@3x.jpg in Resources */ = {isa = PBXBuildFile; fileRef = 3467BF3C24A92A2D00101453 /* maple-french-toast@3x.jpg */; };
		3467BFB124A92A2D00101453 /* pepperoni-pizza@3x.jpg in Resources */ = {isa = PBXBuildFile; fileRef = 3467BF3D24A92A2D00101453 /* pepperoni-pizza@3x.jpg */; };
		3467BFB224A92A2D00101453 /* cheese-toastie-thumb@3x.jpg in Resources */ = {isa = PBXBuildFile; fileRef = 3467BF3E24A92A2D00101453 /* cheese-toastie-thumb@3x.jpg */; };
		3467BFB324A92A2D00101453 /* stack-o-pancakes-thumb@2x.jpg in Resources */ = {isa = PBXBuildFile; fileRef = 3467BF3F24A92A2D00101453 /* stack-o-pancakes-thumb@2x.jpg */; };
		3467BFB424A92A2D00101453 /* corn-on-the-cob@2x.jpg in Resources */ = {isa = PBXBuildFile; fileRef = 3467BF4024A92A2D00101453 /* corn-on-the-cob@2x.jpg */; };
		3467BFB524A92A2D00101453 /* strawberry-cooler-thumb@2x.jpg in Resources */ = {isa = PBXBuildFile; fileRef = 3467BF4124A92A2D00101453 /* strawberry-cooler-thumb@2x.jpg */; };
		3467BFB624A92A2D00101453 /* paella-alicante@2x.jpg in Resources */ = {isa = PBXBuildFile; fileRef = 3467BF4224A92A2D00101453 /* paella-alicante@2x.jpg */; };
		3467BFB724A92A2D00101453 /* super-sundae-thumb@3x.jpg in Resources */ = {isa = PBXBuildFile; fileRef = 3467BF4324A92A2D00101453 /* super-sundae-thumb@3x.jpg */; };
		3467BFB824A92A2D00101453 /* virgin-mojito-thumb@2x.jpg in Resources */ = {isa = PBXBuildFile; fileRef = 3467BF4424A92A2D00101453 /* virgin-mojito-thumb@2x.jpg */; };
		3467BFB924A92A2D00101453 /* tower-burger-thumb@2x.jpg in Resources */ = {isa = PBXBuildFile; fileRef = 3467BF4524A92A2D00101453 /* tower-burger-thumb@2x.jpg */; };
		3467BFBA24A92A2D00101453 /* cheese-toastie@2x.jpg in Resources */ = {isa = PBXBuildFile; fileRef = 3467BF4624A92A2D00101453 /* cheese-toastie@2x.jpg */; };
		3467BFBB24A92A2D00101453 /* porridge-deluxe@2x.jpg in Resources */ = {isa = PBXBuildFile; fileRef = 3467BF4724A92A2D00101453 /* porridge-deluxe@2x.jpg */; };
		3467BFBC24A92A2D00101453 /* porridge-deluxe-thumb@3x.jpg in Resources */ = {isa = PBXBuildFile; fileRef = 3467BF4824A92A2D00101453 /* porridge-deluxe-thumb@3x.jpg */; };
		3467BFBD24A92A2D00101453 /* superfood-salad-thumb@2x.jpg in Resources */ = {isa = PBXBuildFile; fileRef = 3467BF4924A92A2D00101453 /* superfood-salad-thumb@2x.jpg */; };
		3467BFBE24A92A2D00101453 /* tower-burger@3x.jpg in Resources */ = {isa = PBXBuildFile; fileRef = 3467BF4A24A92A2D00101453 /* tower-burger@3x.jpg */; };
		3467BFBF24A92A2D00101453 /* pesto-farfalle@3x.jpg in Resources */ = {isa = PBXBuildFile; fileRef = 3467BF4B24A92A2D00101453 /* pesto-farfalle@3x.jpg */; };
		3467BFC024A92A2D00101453 /* stack-o-pancakes@2x.jpg in Resources */ = {isa = PBXBuildFile; fileRef = 3467BF4C24A92A2D00101453 /* stack-o-pancakes@2x.jpg */; };
		3467BFC124A92A2D00101453 /* powerhouse-coffee@3x.jpg in Resources */ = {isa = PBXBuildFile; fileRef = 3467BF4D24A92A2D00101453 /* powerhouse-coffee@3x.jpg */; };
		3467BFC224A92A2D00101453 /* power-muesli-thumb@2x.jpg in Resources */ = {isa = PBXBuildFile; fileRef = 3467BF4E24A92A2D00101453 /* power-muesli-thumb@2x.jpg */; };
		3467BFC324A92A2D00101453 /* powerhouse-coffee-thumb@2x.jpg in Resources */ = {isa = PBXBuildFile; fileRef = 3467BF4F24A92A2D00101453 /* powerhouse-coffee-thumb@2x.jpg */; };
		3467BFC424A92A2D00101453 /* chrysanthemum-tea-thumb@3x.jpg in Resources */ = {isa = PBXBuildFile; fileRef = 3467BF5024A92A2D00101453 /* chrysanthemum-tea-thumb@3x.jpg */; };
		3467BFC524A92A2D00101453 /* all-out-donuts@2x.jpg in Resources */ = {isa = PBXBuildFile; fileRef = 3467BF5124A92A2D00101453 /* all-out-donuts@2x.jpg */; };
		3467BFC624A92A2D00101453 /* all-out-donuts@3x.jpg in Resources */ = {isa = PBXBuildFile; fileRef = 3467BF5224A92A2D00101453 /* all-out-donuts@3x.jpg */; };
		3467BFC724A92A2D00101453 /* chrysanthemum-tea-thumb@2x.jpg in Resources */ = {isa = PBXBuildFile; fileRef = 3467BF5324A92A2D00101453 /* chrysanthemum-tea-thumb@2x.jpg */; };
		3467BFC824A92A2D00101453 /* powerhouse-coffee-thumb@3x.jpg in Resources */ = {isa = PBXBuildFile; fileRef = 3467BF5424A92A2D00101453 /* powerhouse-coffee-thumb@3x.jpg */; };
		3467BFC924A92A2D00101453 /* powerhouse-coffee@2x.jpg in Resources */ = {isa = PBXBuildFile; fileRef = 3467BF5524A92A2D00101453 /* powerhouse-coffee@2x.jpg */; };
		3467BFCA24A92A2D00101453 /* power-muesli-thumb@3x.jpg in Resources */ = {isa = PBXBuildFile; fileRef = 3467BF5624A92A2D00101453 /* power-muesli-thumb@3x.jpg */; };
		3467BFCB24A92A2D00101453 /* stack-o-pancakes@3x.jpg in Resources */ = {isa = PBXBuildFile; fileRef = 3467BF5724A92A2D00101453 /* stack-o-pancakes@3x.jpg */; };
		3467BFCC24A92A2D00101453 /* pesto-farfalle@2x.jpg in Resources */ = {isa = PBXBuildFile; fileRef = 3467BF5824A92A2D00101453 /* pesto-farfalle@2x.jpg */; };
		3467BFCD24A92A2D00101453 /* tower-burger@2x.jpg in Resources */ = {isa = PBXBuildFile; fileRef = 3467BF5924A92A2D00101453 /* tower-burger@2x.jpg */; };
		3467BFCE24A92A2D00101453 /* superfood-salad-thumb@3x.jpg in Resources */ = {isa = PBXBuildFile; fileRef = 3467BF5A24A92A2D00101453 /* superfood-salad-thumb@3x.jpg */; };
		3467BFCF24A92A2D00101453 /* porridge-deluxe@3x.jpg in Resources */ = {isa = PBXBuildFile; fileRef = 3467BF5B24A92A2D00101453 /* porridge-deluxe@3x.jpg */; };
		3467BFD024A92A2D00101453 /* porridge-deluxe-thumb@2x.jpg in Resources */ = {isa = PBXBuildFile; fileRef = 3467BF5C24A92A2D00101453 /* porridge-deluxe-thumb@2x.jpg */; };
		3467BFD124A92A2D00101453 /* tower-burger-thumb@3x.jpg in Resources */ = {isa = PBXBuildFile; fileRef = 3467BF5D24A92A2D00101453 /* tower-burger-thumb@3x.jpg */; };
		3467BFD224A92A2D00101453 /* cheese-toastie@3x.jpg in Resources */ = {isa = PBXBuildFile; fileRef = 3467BF5E24A92A2D00101453 /* cheese-toastie@3x.jpg */; };
		3467BFD324A92A2D00101453 /* virgin-mojito-thumb@3x.jpg in Resources */ = {isa = PBXBuildFile; fileRef = 3467BF5F24A92A2D00101453 /* virgin-mojito-thumb@3x.jpg */; };
		3467BFD424A92A2D00101453 /* super-sundae-thumb@2x.jpg in Resources */ = {isa = PBXBuildFile; fileRef = 3467BF6024A92A2D00101453 /* super-sundae-thumb@2x.jpg */; };
		3467BFD524A92A2D00101453 /* paella-alicante@3x.jpg in Resources */ = {isa = PBXBuildFile; fileRef = 3467BF6124A92A2D00101453 /* paella-alicante@3x.jpg */; };
		3467BFD624A92A2D00101453 /* strawberry-cooler-thumb@3x.jpg in Resources */ = {isa = PBXBuildFile; fileRef = 3467BF6224A92A2D00101453 /* strawberry-cooler-thumb@3x.jpg */; };
		3467BFD724A92A2D00101453 /* corn-on-the-cob@3x.jpg in Resources */ = {isa = PBXBuildFile; fileRef = 3467BF6324A92A2D00101453 /* corn-on-the-cob@3x.jpg */; };
		3467BFD824A92A2D00101453 /* stack-o-pancakes-thumb@3x.jpg in Resources */ = {isa = PBXBuildFile; fileRef = 3467BF6424A92A2D00101453 /* stack-o-pancakes-thumb@3x.jpg */; };
		3467BFD924A92A2D00101453 /* cheese-toastie-thumb@2x.jpg in Resources */ = {isa = PBXBuildFile; fileRef = 3467BF6524A92A2D00101453 /* cheese-toastie-thumb@2x.jpg */; };
		3467BFDA24A92A2D00101453 /* pepperoni-pizza@2x.jpg in Resources */ = {isa = PBXBuildFile; fileRef = 3467BF6624A92A2D00101453 /* pepperoni-pizza@2x.jpg */; };
		3467BFDB24A92A2D00101453 /* penne-carbonara@3x.jpg in Resources */ = {isa = PBXBuildFile; fileRef = 3467BF6724A92A2D00101453 /* penne-carbonara@3x.jpg */; };
		3467BFDC24A92A2D00101453 /* chrysanthemum-tea@2x.jpg in Resources */ = {isa = PBXBuildFile; fileRef = 3467BF6824A92A2D00101453 /* chrysanthemum-tea@2x.jpg */; };
		3467BFDD24A92A2D00101453 /* veggie-pizza@3x.jpg in Resources */ = {isa = PBXBuildFile; fileRef = 3467BF6924A92A2D00101453 /* veggie-pizza@3x.jpg */; };
		3467BFDE24A92A2D00101453 /* veggie-pizza-thumb@3x.jpg in Resources */ = {isa = PBXBuildFile; fileRef = 3467BF6A24A92A2D00101453 /* veggie-pizza-thumb@3x.jpg */; };
		3467BFDF24A92A2D00101453 /* macarons-galore@3x.jpg in Resources */ = {isa = PBXBuildFile; fileRef = 3467BF6B24A92A2D00101453 /* macarons-galore@3x.jpg */; };
		3467BFE024A92A2D00101453 /* maple-french-toast-thumb@2x.jpg in Resources */ = {isa = PBXBuildFile; fileRef = 3467BF6C24A92A2D00101453 /* maple-french-toast-thumb@2x.jpg */; };
		3467BFE124A92A2D00101453 /* all-out-donuts-thumb@2x.jpg in Resources */ = {isa = PBXBuildFile; fileRef = 3467BF6D24A92A2D00101453 /* all-out-donuts-thumb@2x.jpg */; };
		3467BFE224A92A2D00101453 /* thai-red-curry-thumb@2x.jpg in Resources */ = {isa = PBXBuildFile; fileRef = 3467BF6E24A92A2D00101453 /* thai-red-curry-thumb@2x.jpg */; };
		3467BFE324A92A2D00101453 /* fresh-baked-croissant-thumb@2x.jpg in Resources */ = {isa = PBXBuildFile; fileRef = 3467BF6F24A92A2D00101453 /* fresh-baked-croissant-thumb@2x.jpg */; };
		3467BFE424A92A2D00101453 /* full-english-thumb@3x.jpg in Resources */ = {isa = PBXBuildFile; fileRef = 3467BF7024A92A2D00101453 /* full-english-thumb@3x.jpg */; };
		3467BFE524A92A2D00101453 /* mexican-mocha@3x.jpg in Resources */ = {isa = PBXBuildFile; fileRef = 3467BF7124A92A2D00101453 /* mexican-mocha@3x.jpg */; };
		3467BFE624A92A2D00101453 /* strawberry-cooler@2x.jpg in Resources */ = {isa = PBXBuildFile; fileRef = 3467BF7224A92A2D00101453 /* strawberry-cooler@2x.jpg */; };
		3467BFE724A92A2D00101453 /* mushroom-tagliatelle@3x.jpg in Resources */ = {isa = PBXBuildFile; fileRef = 3467BF7324A92A2D00101453 /* mushroom-tagliatelle@3x.jpg */; };
		3467BFE824A92A2D00101453 /* straight-up-oj-thumb@2x.jpg in Resources */ = {isa = PBXBuildFile; fileRef = 3467BF7424A92A2D00101453 /* straight-up-oj-thumb@2x.jpg */; };
		3467BFE924A92A2D00101453 /* strawberry-surprise@2x.jpg in Resources */ = {isa = PBXBuildFile; fileRef = 3467BF7524A92A2D00101453 /* strawberry-surprise@2x.jpg */; };
		3467BFEA24A92A2D00101453 /* strawberry-surprise@3x.jpg in Resources */ = {isa = PBXBuildFile; fileRef = 3467BF7624A92A2D00101453 /* strawberry-surprise@3x.jpg */; };
		3467BFEB24A92A2D00101453 /* straight-up-oj-thumb@3x.jpg in Resources */ = {isa = PBXBuildFile; fileRef = 3467BF7724A92A2D00101453 /* straight-up-oj-thumb@3x.jpg */; };
		3467BFEC24A92A2D00101453 /* mushroom-tagliatelle@2x.jpg in Resources */ = {isa = PBXBuildFile; fileRef = 3467BF7824A92A2D00101453 /* mushroom-tagliatelle@2x.jpg */; };
		3467BFED24A92A2D00101453 /* mexican-mocha@2x.jpg in Resources */ = {isa = PBXBuildFile; fileRef = 3467BF7924A92A2D00101453 /* mexican-mocha@2x.jpg */; };
		3467BFEE24A92A2D00101453 /* strawberry-cooler@3x.jpg in Resources */ = {isa = PBXBuildFile; fileRef = 3467BF7A24A92A2D00101453 /* strawberry-cooler@3x.jpg */; };
		3467BFEF24A92A2D00101453 /* full-english-thumb@2x.jpg in Resources */ = {isa = PBXBuildFile; fileRef = 3467BF7B24A92A2D00101453 /* full-english-thumb@2x.jpg */; };
		3467BFF024A92A2D00101453 /* fresh-baked-croissant-thumb@3x.jpg in Resources */ = {isa = PBXBuildFile; fileRef = 3467BF7C24A92A2D00101453 /* fresh-baked-croissant-thumb@3x.jpg */; };
		3467BFF124A92A2D00101453 /* thai-red-curry-thumb@3x.jpg in Resources */ = {isa = PBXBuildFile; fileRef = 3467BF7D24A92A2D00101453 /* thai-red-curry-thumb@3x.jpg */; };
		3467BFF224A92A2D00101453 /* all-out-donuts-thumb@3x.jpg in Resources */ = {isa = PBXBuildFile; fileRef = 3467BF7E24A92A2D00101453 /* all-out-donuts-thumb@3x.jpg */; };
		3467BFF324A92A2D00101453 /* maple-french-toast-thumb@3x.jpg in Resources */ = {isa = PBXBuildFile; fileRef = 3467BF7F24A92A2D00101453 /* maple-french-toast-thumb@3x.jpg */; };
		3467BFF424A92A2D00101453 /* macarons-galore@2x.jpg in Resources */ = {isa = PBXBuildFile; fileRef = 3467BF8024A92A2D00101453 /* macarons-galore@2x.jpg */; };
		3467BFF524A92A2D00101453 /* veggie-pizza@2x.jpg in Resources */ = {isa = PBXBuildFile; fileRef = 3467BF8124A92A2D00101453 /* veggie-pizza@2x.jpg */; };
		3467BFF624A92A2D00101453 /* veggie-pizza-thumb@2x.jpg in Resources */ = {isa = PBXBuildFile; fileRef = 3467BF8224A92A2D00101453 /* veggie-pizza-thumb@2x.jpg */; };
		3467BFF724A92A2D00101453 /* chrysanthemum-tea@3x.jpg in Resources */ = {isa = PBXBuildFile; fileRef = 3467BF8324A92A2D00101453 /* chrysanthemum-tea@3x.jpg */; };
		3467BFF824A92A2D00101453 /* penne-carbonara@2x.jpg in Resources */ = {isa = PBXBuildFile; fileRef = 3467BF8424A92A2D00101453 /* penne-carbonara@2x.jpg */; };
		3467BFF924A92A2D00101453 /* fillet-steak-thumb@2x.jpg in Resources */ = {isa = PBXBuildFile; fileRef = 3467BF8524A92A2D00101453 /* fillet-steak-thumb@2x.jpg */; };
		3467BFFA24A92A2D00101453 /* straight-up-oj@2x.jpg in Resources */ = {isa = PBXBuildFile; fileRef = 3467BF8624A92A2D00101453 /* straight-up-oj@2x.jpg */; };
		3467BFFB24A92A2D00101453 /* penne-carbonara-thumb@2x.jpg in Resources */ = {isa = PBXBuildFile; fileRef = 3467BF8724A92A2D00101453 /* penne-carbonara-thumb@2x.jpg */; };
		3467BFFC24A92A2D00101453 /* super-sundae@3x.jpg in Resources */ = {isa = PBXBuildFile; fileRef = 3467BF8824A92A2D00101453 /* super-sundae@3x.jpg */; };
		3467BFFD24A92A2D00101453 /* superfood-salad@3x.jpg in Resources */ = {isa = PBXBuildFile; fileRef = 3467BF8924A92A2D00101453 /* superfood-salad@3x.jpg */; };
		3467BFFE24A92A2D00101453 /* paella-alicante-thumb@3x.jpg in Resources */ = {isa = PBXBuildFile; fileRef = 3467BF8A24A92A2D00101453 /* paella-alicante-thumb@3x.jpg */; };
		3467BFFF24A92A2D00101453 /* pepperoni-pizza-thumb@2x.jpg in Resources */ = {isa = PBXBuildFile; fileRef = 3467BF8B24A92A2D00101453 /* pepperoni-pizza-thumb@2x.jpg */; };
		3467C00024A92A2D00101453 /* full-english@3x.jpg in Resources */ = {isa = PBXBuildFile; fileRef = 3467BF8C24A92A2D00101453 /* full-english@3x.jpg */; };
		3467C00124A92A2D00101453 /* corn-on-the-cob-thumb@2x.jpg in Resources */ = {isa = PBXBuildFile; fileRef = 3467BF8D24A92A2D00101453 /* corn-on-the-cob-thumb@2x.jpg */; };
		3467C00224A92A2D00101453 /* fillet-steak@2x.jpg in Resources */ = {isa = PBXBuildFile; fileRef = 3467BF8E24A92A2D00101453 /* fillet-steak@2x.jpg */; };
		3467C00324A92A2D00101453 /* fillet-steak@3x.jpg in Resources */ = {isa = PBXBuildFile; fileRef = 3467BF8F24A92A2D00101453 /* fillet-steak@3x.jpg */; };
		3467C00424A92A2D00101453 /* corn-on-the-cob-thumb@3x.jpg in Resources */ = {isa = PBXBuildFile; fileRef = 3467BF9024A92A2D00101453 /* corn-on-the-cob-thumb@3x.jpg */; };
		3467C00524A92A2D00101453 /* full-english@2x.jpg in Resources */ = {isa = PBXBuildFile; fileRef = 3467BF9124A92A2D00101453 /* full-english@2x.jpg */; };
		3467C00624A92A2D00101453 /* pepperoni-pizza-thumb@3x.jpg in Resources */ = {isa = PBXBuildFile; fileRef = 3467BF9224A92A2D00101453 /* pepperoni-pizza-thumb@3x.jpg */; };
		3467C00724A92A2D00101453 /* paella-alicante-thumb@2x.jpg in Resources */ = {isa = PBXBuildFile; fileRef = 3467BF9324A92A2D00101453 /* paella-alicante-thumb@2x.jpg */; };
		3467C00824A92A2D00101453 /* superfood-salad@2x.jpg in Resources */ = {isa = PBXBuildFile; fileRef = 3467BF9424A92A2D00101453 /* superfood-salad@2x.jpg */; };
		3467C00924A92A2D00101453 /* super-sundae@2x.jpg in Resources */ = {isa = PBXBuildFile; fileRef = 3467BF9524A92A2D00101453 /* super-sundae@2x.jpg */; };
		3467C00A24A92A2D00101453 /* penne-carbonara-thumb@3x.jpg in Resources */ = {isa = PBXBuildFile; fileRef = 3467BF9624A92A2D00101453 /* penne-carbonara-thumb@3x.jpg */; };
		3467C00B24A92A2D00101453 /* fillet-steak-thumb@3x.jpg in Resources */ = {isa = PBXBuildFile; fileRef = 3467BF9724A92A2D00101453 /* fillet-steak-thumb@3x.jpg */; };
		3467C00C24A92A2D00101453 /* straight-up-oj@3x.jpg in Resources */ = {isa = PBXBuildFile; fileRef = 3467BF9824A92A2D00101453 /* straight-up-oj@3x.jpg */; };
		3467C00D24A92A2D00101453 /* Order.swift in Sources */ = {isa = PBXBuildFile; fileRef = 3467BF9924A92A2D00101453 /* Order.swift */; };
		3467C00E24A92A2D00101453 /* menu.json in Resources */ = {isa = PBXBuildFile; fileRef = 3467BF9A24A92A2D00101453 /* menu.json */; };
		3467C00F24A92A2D00101453 /* Helper.swift in Sources */ = {isa = PBXBuildFile; fileRef = 3467BF9B24A92A2D00101453 /* Helper.swift */; };
		3467C01024A92A2D00101453 /* Menu.swift in Sources */ = {isa = PBXBuildFile; fileRef = 3467BF9C24A92A2D00101453 /* Menu.swift */; };
		3467C01224A94FF200101453 /* ItemRow.swift in Sources */ = {isa = PBXBuildFile; fileRef = 3467C01124A94FF200101453 /* ItemRow.swift */; };
		3467C01424A9573500101453 /* ItemDetail.swift in Sources */ = {isa = PBXBuildFile; fileRef = 3467C01324A9573500101453 /* ItemDetail.swift */; };
		349A464824A92327004CDE3C /* AppDelegate.swift in Sources */ = {isa = PBXBuildFile; fileRef = 349A464724A92327004CDE3C /* AppDelegate.swift */; };
		349A464A24A92327004CDE3C /* SceneDelegate.swift in Sources */ = {isa = PBXBuildFile; fileRef = 349A464924A92327004CDE3C /* SceneDelegate.swift */; };
		349A464C24A92327004CDE3C /* ContentView.swift in Sources */ = {isa = PBXBuildFile; fileRef = 349A464B24A92327004CDE3C /* ContentView.swift */; };
		349A464E24A92329004CDE3C /* Assets.xcassets in Resources */ = {isa = PBXBuildFile; fileRef = 349A464D24A92329004CDE3C /* Assets.xcassets */; };
		349A465124A92329004CDE3C /* Preview Assets.xcassets in Resources */ = {isa = PBXBuildFile; fileRef = 349A465024A92329004CDE3C /* Preview Assets.xcassets */; };
		349A465424A92329004CDE3C /* LaunchScreen.storyboard in Resources */ = {isa = PBXBuildFile; fileRef = 349A465224A92329004CDE3C /* LaunchScreen.storyboard */; };
/* End PBXBuildFile section */

/* Begin PBXFileReference section */
		3467BF2924A92A2D00101453 /* maple-french-toast@2x.jpg */ = {isa = PBXFileReference; lastKnownFileType = image.jpeg; path = "maple-french-toast@2x.jpg"; sourceTree = "<group>"; };
		3467BF2A24A92A2D00101453 /* mushroom-tagliatelle-thumb@3x.jpg */ = {isa = PBXFileReference; lastKnownFileType = image.jpeg; path = "mushroom-tagliatelle-thumb@3x.jpg"; sourceTree = "<group>"; };
		3467BF2B24A92A2D00101453 /* strawberry-surprise-thumb@2x.jpg */ = {isa = PBXFileReference; lastKnownFileType = image.jpeg; path = "strawberry-surprise-thumb@2x.jpg"; sourceTree = "<group>"; };
		3467BF2C24A92A2D00101453 /* virgin-mojito@3x.jpg */ = {isa = PBXFileReference; lastKnownFileType = image.jpeg; path = "virgin-mojito@3x.jpg"; sourceTree = "<group>"; };
		3467BF2D24A92A2D00101453 /* pesto-farfalle-thumb@2x.jpg */ = {isa = PBXFileReference; lastKnownFileType = image.jpeg; path = "pesto-farfalle-thumb@2x.jpg"; sourceTree = "<group>"; };
		3467BF2E24A92A2D00101453 /* fresh-baked-croissant@2x.jpg */ = {isa = PBXFileReference; lastKnownFileType = image.jpeg; path = "fresh-baked-croissant@2x.jpg"; sourceTree = "<group>"; };
		3467BF2F24A92A2D00101453 /* thai-red-curry@2x.jpg */ = {isa = PBXFileReference; lastKnownFileType = image.jpeg; path = "thai-red-curry@2x.jpg"; sourceTree = "<group>"; };
		3467BF3024A92A2D00101453 /* macarons-galore-thumb@2x.jpg */ = {isa = PBXFileReference; lastKnownFileType = image.jpeg; path = "macarons-galore-thumb@2x.jpg"; sourceTree = "<group>"; };
		3467BF3124A92A2D00101453 /* power-muesli@2x.jpg */ = {isa = PBXFileReference; lastKnownFileType = image.jpeg; path = "power-muesli@2x.jpg"; sourceTree = "<group>"; };
		3467BF3224A92A2D00101453 /* mexican-mocha-thumb@2x.jpg */ = {isa = PBXFileReference; lastKnownFileType = image.jpeg; path = "mexican-mocha-thumb@2x.jpg"; sourceTree = "<group>"; };
		3467BF3324A92A2D00101453 /* mexican-mocha-thumb@3x.jpg */ = {isa = PBXFileReference; lastKnownFileType = image.jpeg; path = "mexican-mocha-thumb@3x.jpg"; sourceTree = "<group>"; };
		3467BF3424A92A2D00101453 /* power-muesli@3x.jpg */ = {isa = PBXFileReference; lastKnownFileType = image.jpeg; path = "power-muesli@3x.jpg"; sourceTree = "<group>"; };
		3467BF3524A92A2D00101453 /* macarons-galore-thumb@3x.jpg */ = {isa = PBXFileReference; lastKnownFileType = image.jpeg; path = "macarons-galore-thumb@3x.jpg"; sourceTree = "<group>"; };
		3467BF3624A92A2D00101453 /* thai-red-curry@3x.jpg */ = {isa = PBXFileReference; lastKnownFileType = image.jpeg; path = "thai-red-curry@3x.jpg"; sourceTree = "<group>"; };
		3467BF3724A92A2D00101453 /* fresh-baked-croissant@3x.jpg */ = {isa = PBXFileReference; lastKnownFileType = image.jpeg; path = "fresh-baked-croissant@3x.jpg"; sourceTree = "<group>"; };
		3467BF3824A92A2D00101453 /* pesto-farfalle-thumb@3x.jpg */ = {isa = PBXFileReference; lastKnownFileType = image.jpeg; path = "pesto-farfalle-thumb@3x.jpg"; sourceTree = "<group>"; };
		3467BF3924A92A2D00101453 /* virgin-mojito@2x.jpg */ = {isa = PBXFileReference; lastKnownFileType = image.jpeg; path = "virgin-mojito@2x.jpg"; sourceTree = "<group>"; };
		3467BF3A24A92A2D00101453 /* strawberry-surprise-thumb@3x.jpg */ = {isa = PBXFileReference; lastKnownFileType = image.jpeg; path = "strawberry-surprise-thumb@3x.jpg"; sourceTree = "<group>"; };
		3467BF3B24A92A2D00101453 /* mushroom-tagliatelle-thumb@2x.jpg */ = {isa = PBXFileReference; lastKnownFileType = image.jpeg; path = "mushroom-tagliatelle-thumb@2x.jpg"; sourceTree = "<group>"; };
		3467BF3C24A92A2D00101453 /* maple-french-toast@3x.jpg */ = {isa = PBXFileReference; lastKnownFileType = image.jpeg; path = "maple-french-toast@3x.jpg"; sourceTree = "<group>"; };
		3467BF3D24A92A2D00101453 /* pepperoni-pizza@3x.jpg */ = {isa = PBXFileReference; lastKnownFileType = image.jpeg; path = "pepperoni-pizza@3x.jpg"; sourceTree = "<group>"; };
		3467BF3E24A92A2D00101453 /* cheese-toastie-thumb@3x.jpg */ = {isa = PBXFileReference; lastKnownFileType = image.jpeg; path = "cheese-toastie-thumb@3x.jpg"; sourceTree = "<group>"; };
		3467BF3F24A92A2D00101453 /* stack-o-pancakes-thumb@2x.jpg */ = {isa = PBXFileReference; lastKnownFileType = image.jpeg; path = "stack-o-pancakes-thumb@2x.jpg"; sourceTree = "<group>"; };
		3467BF4024A92A2D00101453 /* corn-on-the-cob@2x.jpg */ = {isa = PBXFileReference; lastKnownFileType = image.jpeg; path = "corn-on-the-cob@2x.jpg"; sourceTree = "<group>"; };
		3467BF4124A92A2D00101453 /* strawberry-cooler-thumb@2x.jpg */ = {isa = PBXFileReference; lastKnownFileType = image.jpeg; path = "strawberry-cooler-thumb@2x.jpg"; sourceTree = "<group>"; };
		3467BF4224A92A2D00101453 /* paella-alicante@2x.jpg */ = {isa = PBXFileReference; lastKnownFileType = image.jpeg; path = "paella-alicante@2x.jpg"; sourceTree = "<group>"; };
		3467BF4324A92A2D00101453 /* super-sundae-thumb@3x.jpg */ = {isa = PBXFileReference; lastKnownFileType = image.jpeg; path = "super-sundae-thumb@3x.jpg"; sourceTree = "<group>"; };
		3467BF4424A92A2D00101453 /* virgin-mojito-thumb@2x.jpg */ = {isa = PBXFileReference; lastKnownFileType = image.jpeg; path = "virgin-mojito-thumb@2x.jpg"; sourceTree = "<group>"; };
		3467BF4524A92A2D00101453 /* tower-burger-thumb@2x.jpg */ = {isa = PBXFileReference; lastKnownFileType = image.jpeg; path = "tower-burger-thumb@2x.jpg"; sourceTree = "<group>"; };
		3467BF4624A92A2D00101453 /* cheese-toastie@2x.jpg */ = {isa = PBXFileReference; lastKnownFileType = image.jpeg; path = "cheese-toastie@2x.jpg"; sourceTree = "<group>"; };
		3467BF4724A92A2D00101453 /* porridge-deluxe@2x.jpg */ = {isa = PBXFileReference; lastKnownFileType = image.jpeg; path = "porridge-deluxe@2x.jpg"; sourceTree = "<group>"; };
		3467BF4824A92A2D00101453 /* porridge-deluxe-thumb@3x.jpg */ = {isa = PBXFileReference; lastKnownFileType = image.jpeg; path = "porridge-deluxe-thumb@3x.jpg"; sourceTree = "<group>"; };
		3467BF4924A92A2D00101453 /* superfood-salad-thumb@2x.jpg */ = {isa = PBXFileReference; lastKnownFileType = image.jpeg; path = "superfood-salad-thumb@2x.jpg"; sourceTree = "<group>"; };
		3467BF4A24A92A2D00101453 /* tower-burger@3x.jpg */ = {isa = PBXFileReference; lastKnownFileType = image.jpeg; path = "tower-burger@3x.jpg"; sourceTree = "<group>"; };
		3467BF4B24A92A2D00101453 /* pesto-farfalle@3x.jpg */ = {isa = PBXFileReference; lastKnownFileType = image.jpeg; path = "pesto-farfalle@3x.jpg"; sourceTree = "<group>"; };
		3467BF4C24A92A2D00101453 /* stack-o-pancakes@2x.jpg */ = {isa = PBXFileReference; lastKnownFileType = image.jpeg; path = "stack-o-pancakes@2x.jpg"; sourceTree = "<group>"; };
		3467BF4D24A92A2D00101453 /* powerhouse-coffee@3x.jpg */ = {isa = PBXFileReference; lastKnownFileType = image.jpeg; path = "powerhouse-coffee@3x.jpg"; sourceTree = "<group>"; };
		3467BF4E24A92A2D00101453 /* power-muesli-thumb@2x.jpg */ = {isa = PBXFileReference; lastKnownFileType = image.jpeg; path = "power-muesli-thumb@2x.jpg"; sourceTree = "<group>"; };
		3467BF4F24A92A2D00101453 /* powerhouse-coffee-thumb@2x.jpg */ = {isa = PBXFileReference; lastKnownFileType = image.jpeg; path = "powerhouse-coffee-thumb@2x.jpg"; sourceTree = "<group>"; };
		3467BF5024A92A2D00101453 /* chrysanthemum-tea-thumb@3x.jpg */ = {isa = PBXFileReference; lastKnownFileType = image.jpeg; path = "chrysanthemum-tea-thumb@3x.jpg"; sourceTree = "<group>"; };
		3467BF5124A92A2D00101453 /* all-out-donuts@2x.jpg */ = {isa = PBXFileReference; lastKnownFileType = image.jpeg; path = "all-out-donuts@2x.jpg"; sourceTree = "<group>"; };
		3467BF5224A92A2D00101453 /* all-out-donuts@3x.jpg */ = {isa = PBXFileReference; lastKnownFileType = image.jpeg; path = "all-out-donuts@3x.jpg"; sourceTree = "<group>"; };
		3467BF5324A92A2D00101453 /* chrysanthemum-tea-thumb@2x.jpg */ = {isa = PBXFileReference; lastKnownFileType = image.jpeg; path = "chrysanthemum-tea-thumb@2x.jpg"; sourceTree = "<group>"; };
		3467BF5424A92A2D00101453 /* powerhouse-coffee-thumb@3x.jpg */ = {isa = PBXFileReference; lastKnownFileType = image.jpeg; path = "powerhouse-coffee-thumb@3x.jpg"; sourceTree = "<group>"; };
		3467BF5524A92A2D00101453 /* powerhouse-coffee@2x.jpg */ = {isa = PBXFileReference; lastKnownFileType = image.jpeg; path = "powerhouse-coffee@2x.jpg"; sourceTree = "<group>"; };
		3467BF5624A92A2D00101453 /* power-muesli-thumb@3x.jpg */ = {isa = PBXFileReference; lastKnownFileType = image.jpeg; path = "power-muesli-thumb@3x.jpg"; sourceTree = "<group>"; };
		3467BF5724A92A2D00101453 /* stack-o-pancakes@3x.jpg */ = {isa = PBXFileReference; lastKnownFileType = image.jpeg; path = "stack-o-pancakes@3x.jpg"; sourceTree = "<group>"; };
		3467BF5824A92A2D00101453 /* pesto-farfalle@2x.jpg */ = {isa = PBXFileReference; lastKnownFileType = image.jpeg; path = "pesto-farfalle@2x.jpg"; sourceTree = "<group>"; };
		3467BF5924A92A2D00101453 /* tower-burger@2x.jpg */ = {isa = PBXFileReference; lastKnownFileType = image.jpeg; path = "tower-burger@2x.jpg"; sourceTree = "<group>"; };
		3467BF5A24A92A2D00101453 /* superfood-salad-thumb@3x.jpg */ = {isa = PBXFileReference; lastKnownFileType = image.jpeg; path = "superfood-salad-thumb@3x.jpg"; sourceTree = "<group>"; };
		3467BF5B24A92A2D00101453 /* porridge-deluxe@3x.jpg */ = {isa = PBXFileReference; lastKnownFileType = image.jpeg; path = "porridge-deluxe@3x.jpg"; sourceTree = "<group>"; };
		3467BF5C24A92A2D00101453 /* porridge-deluxe-thumb@2x.jpg */ = {isa = PBXFileReference; lastKnownFileType = image.jpeg; path = "porridge-deluxe-thumb@2x.jpg"; sourceTree = "<group>"; };
		3467BF5D24A92A2D00101453 /* tower-burger-thumb@3x.jpg */ = {isa = PBXFileReference; lastKnownFileType = image.jpeg; path = "tower-burger-thumb@3x.jpg"; sourceTree = "<group>"; };
		3467BF5E24A92A2D00101453 /* cheese-toastie@3x.jpg */ = {isa = PBXFileReference; lastKnownFileType = image.jpeg; path = "cheese-toastie@3x.jpg"; sourceTree = "<group>"; };
		3467BF5F24A92A2D00101453 /* virgin-mojito-thumb@3x.jpg */ = {isa = PBXFileReference; lastKnownFileType = image.jpeg; path = "virgin-mojito-thumb@3x.jpg"; sourceTree = "<group>"; };
		3467BF6024A92A2D00101453 /* super-sundae-thumb@2x.jpg */ = {isa = PBXFileReference; lastKnownFileType = image.jpeg; path = "super-sundae-thumb@2x.jpg"; sourceTree = "<group>"; };
		3467BF6124A92A2D00101453 /* paella-alicante@3x.jpg */ = {isa = PBXFileReference; lastKnownFileType = image.jpeg; path = "paella-alicante@3x.jpg"; sourceTree = "<group>"; };
		3467BF6224A92A2D00101453 /* strawberry-cooler-thumb@3x.jpg */ = {isa = PBXFileReference; lastKnownFileType = image.jpeg; path = "strawberry-cooler-thumb@3x.jpg"; sourceTree = "<group>"; };
		3467BF6324A92A2D00101453 /* corn-on-the-cob@3x.jpg */ = {isa = PBXFileReference; lastKnownFileType = image.jpeg; path = "corn-on-the-cob@3x.jpg"; sourceTree = "<group>"; };
		3467BF6424A92A2D00101453 /* stack-o-pancakes-thumb@3x.jpg */ = {isa = PBXFileReference; lastKnownFileType = image.jpeg; path = "stack-o-pancakes-thumb@3x.jpg"; sourceTree = "<group>"; };
		3467BF6524A92A2D00101453 /* cheese-toastie-thumb@2x.jpg */ = {isa = PBXFileReference; lastKnownFileType = image.jpeg; path = "cheese-toastie-thumb@2x.jpg"; sourceTree = "<group>"; };
		3467BF6624A92A2D00101453 /* pepperoni-pizza@2x.jpg */ = {isa = PBXFileReference; lastKnownFileType = image.jpeg; path = "pepperoni-pizza@2x.jpg"; sourceTree = "<group>"; };
		3467BF6724A92A2D00101453 /* penne-carbonara@3x.jpg */ = {isa = PBXFileReference; lastKnownFileType = image.jpeg; path = "penne-carbonara@3x.jpg"; sourceTree = "<group>"; };
		3467BF6824A92A2D00101453 /* chrysanthemum-tea@2x.jpg */ = {isa = PBXFileReference; lastKnownFileType = image.jpeg; path = "chrysanthemum-tea@2x.jpg"; sourceTree = "<group>"; };
		3467BF6924A92A2D00101453 /* veggie-pizza@3x.jpg */ = {isa = PBXFileReference; lastKnownFileType = image.jpeg; path = "veggie-pizza@3x.jpg"; sourceTree = "<group>"; };
		3467BF6A24A92A2D00101453 /* veggie-pizza-thumb@3x.jpg */ = {isa = PBXFileReference; lastKnownFileType = image.jpeg; path = "veggie-pizza-thumb@3x.jpg"; sourceTree = "<group>"; };
		3467BF6B24A92A2D00101453 /* macarons-galore@3x.jpg */ = {isa = PBXFileReference; lastKnownFileType = image.jpeg; path = "macarons-galore@3x.jpg"; sourceTree = "<group>"; };
		3467BF6C24A92A2D00101453 /* maple-french-toast-thumb@2x.jpg */ = {isa = PBXFileReference; lastKnownFileType = image.jpeg; path = "maple-french-toast-thumb@2x.jpg"; sourceTree = "<group>"; };
		3467BF6D24A92A2D00101453 /* all-out-donuts-thumb@2x.jpg */ = {isa = PBXFileReference; lastKnownFileType = image.jpeg; path = "all-out-donuts-thumb@2x.jpg"; sourceTree = "<group>"; };
		3467BF6E24A92A2D00101453 /* thai-red-curry-thumb@2x.jpg */ = {isa = PBXFileReference; lastKnownFileType = image.jpeg; path = "thai-red-curry-thumb@2x.jpg"; sourceTree = "<group>"; };
		3467BF6F24A92A2D00101453 /* fresh-baked-croissant-thumb@2x.jpg */ = {isa = PBXFileReference; lastKnownFileType = image.jpeg; path = "fresh-baked-croissant-thumb@2x.jpg"; sourceTree = "<group>"; };
		3467BF7024A92A2D00101453 /* full-english-thumb@3x.jpg */ = {isa = PBXFileReference; lastKnownFileType = image.jpeg; path = "full-english-thumb@3x.jpg"; sourceTree = "<group>"; };
		3467BF7124A92A2D00101453 /* mexican-mocha@3x.jpg */ = {isa = PBXFileReference; lastKnownFileType = image.jpeg; path = "mexican-mocha@3x.jpg"; sourceTree = "<group>"; };
		3467BF7224A92A2D00101453 /* strawberry-cooler@2x.jpg */ = {isa = PBXFileReference; lastKnownFileType = image.jpeg; path = "strawberry-cooler@2x.jpg"; sourceTree = "<group>"; };
		3467BF7324A92A2D00101453 /* mushroom-tagliatelle@3x.jpg */ = {isa = PBXFileReference; lastKnownFileType = image.jpeg; path = "mushroom-tagliatelle@3x.jpg"; sourceTree = "<group>"; };
		3467BF7424A92A2D00101453 /* straight-up-oj-thumb@2x.jpg */ = {isa = PBXFileReference; lastKnownFileType = image.jpeg; path = "straight-up-oj-thumb@2x.jpg"; sourceTree = "<group>"; };
		3467BF7524A92A2D00101453 /* strawberry-surprise@2x.jpg */ = {isa = PBXFileReference; lastKnownFileType = image.jpeg; path = "strawberry-surprise@2x.jpg"; sourceTree = "<group>"; };
		3467BF7624A92A2D00101453 /* strawberry-surprise@3x.jpg */ = {isa = PBXFileReference; lastKnownFileType = image.jpeg; path = "strawberry-surprise@3x.jpg"; sourceTree = "<group>"; };
		3467BF7724A92A2D00101453 /* straight-up-oj-thumb@3x.jpg */ = {isa = PBXFileReference; lastKnownFileType = image.jpeg; path = "straight-up-oj-thumb@3x.jpg"; sourceTree = "<group>"; };
		3467BF7824A92A2D00101453 /* mushroom-tagliatelle@2x.jpg */ = {isa = PBXFileReference; lastKnownFileType = image.jpeg; path = "mushroom-tagliatelle@2x.jpg"; sourceTree = "<group>"; };
		3467BF7924A92A2D00101453 /* mexican-mocha@2x.jpg */ = {isa = PBXFileReference; lastKnownFileType = image.jpeg; path = "mexican-mocha@2x.jpg"; sourceTree = "<group>"; };
		3467BF7A24A92A2D00101453 /* strawberry-cooler@3x.jpg */ = {isa = PBXFileReference; lastKnownFileType = image.jpeg; path = "strawberry-cooler@3x.jpg"; sourceTree = "<group>"; };
		3467BF7B24A92A2D00101453 /* full-english-thumb@2x.jpg */ = {isa = PBXFileReference; lastKnownFileType = image.jpeg; path = "full-english-thumb@2x.jpg"; sourceTree = "<group>"; };
		3467BF7C24A92A2D00101453 /* fresh-baked-croissant-thumb@3x.jpg */ = {isa = PBXFileReference; lastKnownFileType = image.jpeg; path = "fresh-baked-croissant-thumb@3x.jpg"; sourceTree = "<group>"; };
		3467BF7D24A92A2D00101453 /* thai-red-curry-thumb@3x.jpg */ = {isa = PBXFileReference; lastKnownFileType = image.jpeg; path = "thai-red-curry-thumb@3x.jpg"; sourceTree = "<group>"; };
		3467BF7E24A92A2D00101453 /* all-out-donuts-thumb@3x.jpg */ = {isa = PBXFileReference; lastKnownFileType = image.jpeg; path = "all-out-donuts-thumb@3x.jpg"; sourceTree = "<group>"; };
		3467BF7F24A92A2D00101453 /* maple-french-toast-thumb@3x.jpg */ = {isa = PBXFileReference; lastKnownFileType = image.jpeg; path = "maple-french-toast-thumb@3x.jpg"; sourceTree = "<group>"; };
		3467BF8024A92A2D00101453 /* macarons-galore@2x.jpg */ = {isa = PBXFileReference; lastKnownFileType = image.jpeg; path = "macarons-galore@2x.jpg"; sourceTree = "<group>"; };
		3467BF8124A92A2D00101453 /* veggie-pizza@2x.jpg */ = {isa = PBXFileReference; lastKnownFileType = image.jpeg; path = "veggie-pizza@2x.jpg"; sourceTree = "<group>"; };
		3467BF8224A92A2D00101453 /* veggie-pizza-thumb@2x.jpg */ = {isa = PBXFileReference; lastKnownFileType = image.jpeg; path = "veggie-pizza-thumb@2x.jpg"; sourceTree = "<group>"; };
		3467BF8324A92A2D00101453 /* chrysanthemum-tea@3x.jpg */ = {isa = PBXFileReference; lastKnownFileType = image.jpeg; path = "chrysanthemum-tea@3x.jpg"; sourceTree = "<group>"; };
		3467BF8424A92A2D00101453 /* penne-carbonara@2x.jpg */ = {isa = PBXFileReference; lastKnownFileType = image.jpeg; path = "penne-carbonara@2x.jpg"; sourceTree = "<group>"; };
		3467BF8524A92A2D00101453 /* fillet-steak-thumb@2x.jpg */ = {isa = PBXFileReference; lastKnownFileType = image.jpeg; path = "fillet-steak-thumb@2x.jpg"; sourceTree = "<group>"; };
		3467BF8624A92A2D00101453 /* straight-up-oj@2x.jpg */ = {isa = PBXFileReference; lastKnownFileType = image.jpeg; path = "straight-up-oj@2x.jpg"; sourceTree = "<group>"; };
		3467BF8724A92A2D00101453 /* penne-carbonara-thumb@2x.jpg */ = {isa = PBXFileReference; lastKnownFileType = image.jpeg; path = "penne-carbonara-thumb@2x.jpg"; sourceTree = "<group>"; };
		3467BF8824A92A2D00101453 /* super-sundae@3x.jpg */ = {isa = PBXFileReference; lastKnownFileType = image.jpeg; path = "super-sundae@3x.jpg"; sourceTree = "<group>"; };
		3467BF8924A92A2D00101453 /* superfood-salad@3x.jpg */ = {isa = PBXFileReference; lastKnownFileType = image.jpeg; path = "superfood-salad@3x.jpg"; sourceTree = "<group>"; };
		3467BF8A24A92A2D00101453 /* paella-alicante-thumb@3x.jpg */ = {isa = PBXFileReference; lastKnownFileType = image.jpeg; path = "paella-alicante-thumb@3x.jpg"; sourceTree = "<group>"; };
		3467BF8B24A92A2D00101453 /* pepperoni-pizza-thumb@2x.jpg */ = {isa = PBXFileReference; lastKnownFileType = image.jpeg; path = "pepperoni-pizza-thumb@2x.jpg"; sourceTree = "<group>"; };
		3467BF8C24A92A2D00101453 /* full-english@3x.jpg */ = {isa = PBXFileReference; lastKnownFileType = image.jpeg; path = "full-english@3x.jpg"; sourceTree = "<group>"; };
		3467BF8D24A92A2D00101453 /* corn-on-the-cob-thumb@2x.jpg */ = {isa = PBXFileReference; lastKnownFileType = image.jpeg; path = "corn-on-the-cob-thumb@2x.jpg"; sourceTree = "<group>"; };
		3467BF8E24A92A2D00101453 /* fillet-steak@2x.jpg */ = {isa = PBXFileReference; lastKnownFileType = image.jpeg; path = "fillet-steak@2x.jpg"; sourceTree = "<group>"; };
		3467BF8F24A92A2D00101453 /* fillet-steak@3x.jpg */ = {isa = PBXFileReference; lastKnownFileType = image.jpeg; path = "fillet-steak@3x.jpg"; sourceTree = "<group>"; };
		3467BF9024A92A2D00101453 /* corn-on-the-cob-thumb@3x.jpg */ = {isa = PBXFileReference; lastKnownFileType = image.jpeg; path = "corn-on-the-cob-thumb@3x.jpg"; sourceTree = "<group>"; };
		3467BF9124A92A2D00101453 /* full-english@2x.jpg */ = {isa = PBXFileReference; lastKnownFileType = image.jpeg; path = "full-english@2x.jpg"; sourceTree = "<group>"; };
		3467BF9224A92A2D00101453 /* pepperoni-pizza-thumb@3x.jpg */ = {isa = PBXFileReference; lastKnownFileType = image.jpeg; path = "pepperoni-pizza-thumb@3x.jpg"; sourceTree = "<group>"; };
		3467BF9324A92A2D00101453 /* paella-alicante-thumb@2x.jpg */ = {isa = PBXFileReference; lastKnownFileType = image.jpeg; path = "paella-alicante-thumb@2x.jpg"; sourceTree = "<group>"; };
		3467BF9424A92A2D00101453 /* superfood-salad@2x.jpg */ = {isa = PBXFileReference; lastKnownFileType = image.jpeg; path = "superfood-salad@2x.jpg"; sourceTree = "<group>"; };
		3467BF9524A92A2D00101453 /* super-sundae@2x.jpg */ = {isa = PBXFileReference; lastKnownFileType = image.jpeg; path = "super-sundae@2x.jpg"; sourceTree = "<group>"; };
		3467BF9624A92A2D00101453 /* penne-carbonara-thumb@3x.jpg */ = {isa = PBXFileReference; lastKnownFileType = image.jpeg; path = "penne-carbonara-thumb@3x.jpg"; sourceTree = "<group>"; };
		3467BF9724A92A2D00101453 /* fillet-steak-thumb@3x.jpg */ = {isa = PBXFileReference; lastKnownFileType = image.jpeg; path = "fillet-steak-thumb@3x.jpg"; sourceTree = "<group>"; };
		3467BF9824A92A2D00101453 /* straight-up-oj@3x.jpg */ = {isa = PBXFileReference; lastKnownFileType = image.jpeg; path = "straight-up-oj@3x.jpg"; sourceTree = "<group>"; };
		3467BF9924A92A2D00101453 /* Order.swift */ = {isa = PBXFileReference; fileEncoding = 4; lastKnownFileType = sourcecode.swift; path = Order.swift; sourceTree = "<group>"; };
		3467BF9A24A92A2D00101453 /* menu.json */ = {isa = PBXFileReference; fileEncoding = 4; lastKnownFileType = text.json; path = menu.json; sourceTree = "<group>"; };
		3467BF9B24A92A2D00101453 /* Helper.swift */ = {isa = PBXFileReference; fileEncoding = 4; lastKnownFileType = sourcecode.swift; path = Helper.swift; sourceTree = "<group>"; };
		3467BF9C24A92A2D00101453 /* Menu.swift */ = {isa = PBXFileReference; fileEncoding = 4; lastKnownFileType = sourcecode.swift; path = Menu.swift; sourceTree = "<group>"; };
		3467C01124A94FF200101453 /* ItemRow.swift */ = {isa = PBXFileReference; lastKnownFileType = sourcecode.swift; path = ItemRow.swift; sourceTree = "<group>"; };
		3467C01324A9573500101453 /* ItemDetail.swift */ = {isa = PBXFileReference; lastKnownFileType = sourcecode.swift; path = ItemDetail.swift; sourceTree = "<group>"; };
		349A464424A92327004CDE3C /* iDine.app */ = {isa = PBXFileReference; explicitFileType = wrapper.application; includeInIndex = 0; path = iDine.app; sourceTree = BUILT_PRODUCTS_DIR; };
		349A464724A92327004CDE3C /* AppDelegate.swift */ = {isa = PBXFileReference; lastKnownFileType = sourcecode.swift; path = AppDelegate.swift; sourceTree = "<group>"; };
		349A464924A92327004CDE3C /* SceneDelegate.swift */ = {isa = PBXFileReference; lastKnownFileType = sourcecode.swift; path = SceneDelegate.swift; sourceTree = "<group>"; };
		349A464B24A92327004CDE3C /* ContentView.swift */ = {isa = PBXFileReference; lastKnownFileType = sourcecode.swift; path = ContentView.swift; sourceTree = "<group>"; };
		349A464D24A92329004CDE3C /* Assets.xcassets */ = {isa = PBXFileReference; lastKnownFileType = folder.assetcatalog; path = Assets.xcassets; sourceTree = "<group>"; };
		349A465024A92329004CDE3C /* Preview Assets.xcassets */ = {isa = PBXFileReference; lastKnownFileType = folder.assetcatalog; path = "Preview Assets.xcassets"; sourceTree = "<group>"; };
		349A465324A92329004CDE3C /* Base */ = {isa = PBXFileReference; lastKnownFileType = file.storyboard; name = Base; path = Base.lproj/LaunchScreen.storyboard; sourceTree = "<group>"; };
		349A465524A92329004CDE3C /* Info.plist */ = {isa = PBXFileReference; lastKnownFileType = text.plist.xml; path = Info.plist; sourceTree = "<group>"; };
/* End PBXFileReference section */

/* Begin PBXFrameworksBuildPhase section */
		349A464124A92327004CDE3C /* Frameworks */ = {
			isa = PBXFrameworksBuildPhase;
			buildActionMask = 2147483647;
			files = (
			);
			runOnlyForDeploymentPostprocessing = 0;
		};
/* End PBXFrameworksBuildPhase section */

/* Begin PBXGroup section */
		3467BF2724A92A2D00101453 /* idine files */ = {
			isa = PBXGroup;
			children = (
				3467BF2824A92A2D00101453 /* Images */,
				3467BF9924A92A2D00101453 /* Order.swift */,
				3467BF9A24A92A2D00101453 /* menu.json */,
				3467BF9B24A92A2D00101453 /* Helper.swift */,
				3467BF9C24A92A2D00101453 /* Menu.swift */,
			);
			path = "idine files";
			sourceTree = SOURCE_ROOT;
		};
		3467BF2824A92A2D00101453 /* Images */ = {
			isa = PBXGroup;
			children = (
				3467BF2924A92A2D00101453 /* maple-french-toast@2x.jpg */,
				3467BF2A24A92A2D00101453 /* mushroom-tagliatelle-thumb@3x.jpg */,
				3467BF2B24A92A2D00101453 /* strawberry-surprise-thumb@2x.jpg */,
				3467BF2C24A92A2D00101453 /* virgin-mojito@3x.jpg */,
				3467BF2D24A92A2D00101453 /* pesto-farfalle-thumb@2x.jpg */,
				3467BF2E24A92A2D00101453 /* fresh-baked-croissant@2x.jpg */,
				3467BF2F24A92A2D00101453 /* thai-red-curry@2x.jpg */,
				3467BF3024A92A2D00101453 /* macarons-galore-thumb@2x.jpg */,
				3467BF3124A92A2D00101453 /* power-muesli@2x.jpg */,
				3467BF3224A92A2D00101453 /* mexican-mocha-thumb@2x.jpg */,
				3467BF3324A92A2D00101453 /* mexican-mocha-thumb@3x.jpg */,
				3467BF3424A92A2D00101453 /* power-muesli@3x.jpg */,
				3467BF3524A92A2D00101453 /* macarons-galore-thumb@3x.jpg */,
				3467BF3624A92A2D00101453 /* thai-red-curry@3x.jpg */,
				3467BF3724A92A2D00101453 /* fresh-baked-croissant@3x.jpg */,
				3467BF3824A92A2D00101453 /* pesto-farfalle-thumb@3x.jpg */,
				3467BF3924A92A2D00101453 /* virgin-mojito@2x.jpg */,
				3467BF3A24A92A2D00101453 /* strawberry-surprise-thumb@3x.jpg */,
				3467BF3B24A92A2D00101453 /* mushroom-tagliatelle-thumb@2x.jpg */,
				3467BF3C24A92A2D00101453 /* maple-french-toast@3x.jpg */,
				3467BF3D24A92A2D00101453 /* pepperoni-pizza@3x.jpg */,
				3467BF3E24A92A2D00101453 /* cheese-toastie-thumb@3x.jpg */,
				3467BF3F24A92A2D00101453 /* stack-o-pancakes-thumb@2x.jpg */,
				3467BF4024A92A2D00101453 /* corn-on-the-cob@2x.jpg */,
				3467BF4124A92A2D00101453 /* strawberry-cooler-thumb@2x.jpg */,
				3467BF4224A92A2D00101453 /* paella-alicante@2x.jpg */,
				3467BF4324A92A2D00101453 /* super-sundae-thumb@3x.jpg */,
				3467BF4424A92A2D00101453 /* virgin-mojito-thumb@2x.jpg */,
				3467BF4524A92A2D00101453 /* tower-burger-thumb@2x.jpg */,
				3467BF4624A92A2D00101453 /* cheese-toastie@2x.jpg */,
				3467BF4724A92A2D00101453 /* porridge-deluxe@2x.jpg */,
				3467BF4824A92A2D00101453 /* porridge-deluxe-thumb@3x.jpg */,
				3467BF4924A92A2D00101453 /* superfood-salad-thumb@2x.jpg */,
				3467BF4A24A92A2D00101453 /* tower-burger@3x.jpg */,
				3467BF4B24A92A2D00101453 /* pesto-farfalle@3x.jpg */,
				3467BF4C24A92A2D00101453 /* stack-o-pancakes@2x.jpg */,
				3467BF4D24A92A2D00101453 /* powerhouse-coffee@3x.jpg */,
				3467BF4E24A92A2D00101453 /* power-muesli-thumb@2x.jpg */,
				3467BF4F24A92A2D00101453 /* powerhouse-coffee-thumb@2x.jpg */,
				3467BF5024A92A2D00101453 /* chrysanthemum-tea-thumb@3x.jpg */,
				3467BF5124A92A2D00101453 /* all-out-donuts@2x.jpg */,
				3467BF5224A92A2D00101453 /* all-out-donuts@3x.jpg */,
				3467BF5324A92A2D00101453 /* chrysanthemum-tea-thumb@2x.jpg */,
				3467BF5424A92A2D00101453 /* powerhouse-coffee-thumb@3x.jpg */,
				3467BF5524A92A2D00101453 /* powerhouse-coffee@2x.jpg */,
				3467BF5624A92A2D00101453 /* power-muesli-thumb@3x.jpg */,
				3467BF5724A92A2D00101453 /* stack-o-pancakes@3x.jpg */,
				3467BF5824A92A2D00101453 /* pesto-farfalle@2x.jpg */,
				3467BF5924A92A2D00101453 /* tower-burger@2x.jpg */,
				3467BF5A24A92A2D00101453 /* superfood-salad-thumb@3x.jpg */,
				3467BF5B24A92A2D00101453 /* porridge-deluxe@3x.jpg */,
				3467BF5C24A92A2D00101453 /* porridge-deluxe-thumb@2x.jpg */,
				3467BF5D24A92A2D00101453 /* tower-burger-thumb@3x.jpg */,
				3467BF5E24A92A2D00101453 /* cheese-toastie@3x.jpg */,
				3467BF5F24A92A2D00101453 /* virgin-mojito-thumb@3x.jpg */,
				3467BF6024A92A2D00101453 /* super-sundae-thumb@2x.jpg */,
				3467BF6124A92A2D00101453 /* paella-alicante@3x.jpg */,
				3467BF6224A92A2D00101453 /* strawberry-cooler-thumb@3x.jpg */,
				3467BF6324A92A2D00101453 /* corn-on-the-cob@3x.jpg */,
				3467BF6424A92A2D00101453 /* stack-o-pancakes-thumb@3x.jpg */,
				3467BF6524A92A2D00101453 /* cheese-toastie-thumb@2x.jpg */,
				3467BF6624A92A2D00101453 /* pepperoni-pizza@2x.jpg */,
				3467BF6724A92A2D00101453 /* penne-carbonara@3x.jpg */,
				3467BF6824A92A2D00101453 /* chrysanthemum-tea@2x.jpg */,
				3467BF6924A92A2D00101453 /* veggie-pizza@3x.jpg */,
				3467BF6A24A92A2D00101453 /* veggie-pizza-thumb@3x.jpg */,
				3467BF6B24A92A2D00101453 /* macarons-galore@3x.jpg */,
				3467BF6C24A92A2D00101453 /* maple-french-toast-thumb@2x.jpg */,
				3467BF6D24A92A2D00101453 /* all-out-donuts-thumb@2x.jpg */,
				3467BF6E24A92A2D00101453 /* thai-red-curry-thumb@2x.jpg */,
				3467BF6F24A92A2D00101453 /* fresh-baked-croissant-thumb@2x.jpg */,
				3467BF7024A92A2D00101453 /* full-english-thumb@3x.jpg */,
				3467BF7124A92A2D00101453 /* mexican-mocha@3x.jpg */,
				3467BF7224A92A2D00101453 /* strawberry-cooler@2x.jpg */,
				3467BF7324A92A2D00101453 /* mushroom-tagliatelle@3x.jpg */,
				3467BF7424A92A2D00101453 /* straight-up-oj-thumb@2x.jpg */,
				3467BF7524A92A2D00101453 /* strawberry-surprise@2x.jpg */,
				3467BF7624A92A2D00101453 /* strawberry-surprise@3x.jpg */,
				3467BF7724A92A2D00101453 /* straight-up-oj-thumb@3x.jpg */,
				3467BF7824A92A2D00101453 /* mushroom-tagliatelle@2x.jpg */,
				3467BF7924A92A2D00101453 /* mexican-mocha@2x.jpg */,
				3467BF7A24A92A2D00101453 /* strawberry-cooler@3x.jpg */,
				3467BF7B24A92A2D00101453 /* full-english-thumb@2x.jpg */,
				3467BF7C24A92A2D00101453 /* fresh-baked-croissant-thumb@3x.jpg */,
				3467BF7D24A92A2D00101453 /* thai-red-curry-thumb@3x.jpg */,
				3467BF7E24A92A2D00101453 /* all-out-donuts-thumb@3x.jpg */,
				3467BF7F24A92A2D00101453 /* maple-french-toast-thumb@3x.jpg */,
				3467BF8024A92A2D00101453 /* macarons-galore@2x.jpg */,
				3467BF8124A92A2D00101453 /* veggie-pizza@2x.jpg */,
				3467BF8224A92A2D00101453 /* veggie-pizza-thumb@2x.jpg */,
				3467BF8324A92A2D00101453 /* chrysanthemum-tea@3x.jpg */,
				3467BF8424A92A2D00101453 /* penne-carbonara@2x.jpg */,
				3467BF8524A92A2D00101453 /* fillet-steak-thumb@2x.jpg */,
				3467BF8624A92A2D00101453 /* straight-up-oj@2x.jpg */,
				3467BF8724A92A2D00101453 /* penne-carbonara-thumb@2x.jpg */,
				3467BF8824A92A2D00101453 /* super-sundae@3x.jpg */,
				3467BF8924A92A2D00101453 /* superfood-salad@3x.jpg */,
				3467BF8A24A92A2D00101453 /* paella-alicante-thumb@3x.jpg */,
				3467BF8B24A92A2D00101453 /* pepperoni-pizza-thumb@2x.jpg */,
				3467BF8C24A92A2D00101453 /* full-english@3x.jpg */,
				3467BF8D24A92A2D00101453 /* corn-on-the-cob-thumb@2x.jpg */,
				3467BF8E24A92A2D00101453 /* fillet-steak@2x.jpg */,
				3467BF8F24A92A2D00101453 /* fillet-steak@3x.jpg */,
				3467BF9024A92A2D00101453 /* corn-on-the-cob-thumb@3x.jpg */,
				3467BF9124A92A2D00101453 /* full-english@2x.jpg */,
				3467BF9224A92A2D00101453 /* pepperoni-pizza-thumb@3x.jpg */,
				3467BF9324A92A2D00101453 /* paella-alicante-thumb@2x.jpg */,
				3467BF9424A92A2D00101453 /* superfood-salad@2x.jpg */,
				3467BF9524A92A2D00101453 /* super-sundae@2x.jpg */,
				3467BF9624A92A2D00101453 /* penne-carbonara-thumb@3x.jpg */,
				3467BF9724A92A2D00101453 /* fillet-steak-thumb@3x.jpg */,
				3467BF9824A92A2D00101453 /* straight-up-oj@3x.jpg */,
			);
			path = Images;
			sourceTree = "<group>";
		};
		349A463B24A92327004CDE3C = {
			isa = PBXGroup;
			children = (
				349A464624A92327004CDE3C /* iDine */,
				349A464524A92327004CDE3C /* Products */,
			);
			sourceTree = "<group>";
		};
		349A464524A92327004CDE3C /* Products */ = {
			isa = PBXGroup;
			children = (
				349A464424A92327004CDE3C /* iDine.app */,
			);
			name = Products;
			sourceTree = "<group>";
		};
		349A464624A92327004CDE3C /* iDine */ = {
			isa = PBXGroup;
			children = (
				3467BF2724A92A2D00101453 /* idine files */,
				349A464724A92327004CDE3C /* AppDelegate.swift */,
				349A464924A92327004CDE3C /* SceneDelegate.swift */,
				349A464B24A92327004CDE3C /* ContentView.swift */,
				3467C01124A94FF200101453 /* ItemRow.swift */,
				349A464D24A92329004CDE3C /* Assets.xcassets */,
				349A465224A92329004CDE3C /* LaunchScreen.storyboard */,
				349A465524A92329004CDE3C /* Info.plist */,
				349A464F24A92329004CDE3C /* Preview Content */,
				3467C01324A9573500101453 /* ItemDetail.swift */,
			);
			path = iDine;
			sourceTree = "<group>";
		};
		349A464F24A92329004CDE3C /* Preview Content */ = {
			isa = PBXGroup;
			children = (
				349A465024A92329004CDE3C /* Preview Assets.xcassets */,
			);
			path = "Preview Content";
			sourceTree = "<group>";
		};
/* End PBXGroup section */

/* Begin PBXNativeTarget section */
		349A464324A92327004CDE3C /* iDine */ = {
			isa = PBXNativeTarget;
			buildConfigurationList = 349A465824A92329004CDE3C /* Build configuration list for PBXNativeTarget "iDine" */;
			buildPhases = (
				349A464024A92327004CDE3C /* Sources */,
				349A464124A92327004CDE3C /* Frameworks */,
				349A464224A92327004CDE3C /* Resources */,
			);
			buildRules = (
			);
			dependencies = (
			);
			name = iDine;
			productName = iDine;
			productReference = 349A464424A92327004CDE3C /* iDine.app */;
			productType = "com.apple.product-type.application";
		};
/* End PBXNativeTarget section */

/* Begin PBXProject section */
		349A463C24A92327004CDE3C /* Project object */ = {
			isa = PBXProject;
			attributes = {
				LastSwiftUpdateCheck = 1130;
				LastUpgradeCheck = 1130;
				ORGANIZATIONNAME = "TQG Digital";
				TargetAttributes = {
					349A464324A92327004CDE3C = {
						CreatedOnToolsVersion = 11.3;
					};
				};
			};
			buildConfigurationList = 349A463F24A92327004CDE3C /* Build configuration list for PBXProject "iDine" */;
			compatibilityVersion = "Xcode 9.3";
			developmentRegion = en;
			hasScannedForEncodings = 0;
			knownRegions = (
				en,
				Base,
			);
			mainGroup = 349A463B24A92327004CDE3C;
			productRefGroup = 349A464524A92327004CDE3C /* Products */;
			projectDirPath = "";
			projectRoot = "";
			targets = (
				349A464324A92327004CDE3C /* iDine */,
			);
		};
/* End PBXProject section */

/* Begin PBXResourcesBuildPhase section */
		349A464224A92327004CDE3C /* Resources */ = {
			isa = PBXResourcesBuildPhase;
			buildActionMask = 2147483647;
			files = (
				3467BFE624A92A2D00101453 /* strawberry-cooler@2x.jpg in Resources */,
				3467BFA624A92A2D00101453 /* mexican-mocha-thumb@2x.jpg in Resources */,
				3467BFE824A92A2D00101453 /* straight-up-oj-thumb@2x.jpg in Resources */,
				3467BFD424A92A2D00101453 /* super-sundae-thumb@2x.jpg in Resources */,
				3467BFF924A92A2D00101453 /* fillet-steak-thumb@2x.jpg in Resources */,
				3467C00024A92A2D00101453 /* full-english@3x.jpg in Resources */,
				3467BFC424A92A2D00101453 /* chrysanthemum-tea-thumb@3x.jpg in Resources */,
				3467BFA824A92A2D00101453 /* power-muesli@3x.jpg in Resources */,
				3467C00924A92A2D00101453 /* super-sundae@2x.jpg in Resources */,
				3467BFB324A92A2D00101453 /* stack-o-pancakes-thumb@2x.jpg in Resources */,
				3467BFD224A92A2D00101453 /* cheese-toastie@3x.jpg in Resources */,
				3467BFF624A92A2D00101453 /* veggie-pizza-thumb@2x.jpg in Resources */,
				3467BFBC24A92A2D00101453 /* porridge-deluxe-thumb@3x.jpg in Resources */,
				3467BFBE24A92A2D00101453 /* tower-burger@3x.jpg in Resources */,
				3467C00124A92A2D00101453 /* corn-on-the-cob-thumb@2x.jpg in Resources */,
				3467BFDE24A92A2D00101453 /* veggie-pizza-thumb@3x.jpg in Resources */,
				3467BFE124A92A2D00101453 /* all-out-donuts-thumb@2x.jpg in Resources */,
				3467BFC524A92A2D00101453 /* all-out-donuts@2x.jpg in Resources */,
				3467BFB224A92A2D00101453 /* cheese-toastie-thumb@3x.jpg in Resources */,
				3467C00424A92A2D00101453 /* corn-on-the-cob-thumb@3x.jpg in Resources */,
				3467BFFC24A92A2D00101453 /* super-sundae@3x.jpg in Resources */,
				3467BFE524A92A2D00101453 /* mexican-mocha@3x.jpg in Resources */,
				3467BFCB24A92A2D00101453 /* stack-o-pancakes@3x.jpg in Resources */,
				3467BFFF24A92A2D00101453 /* pepperoni-pizza-thumb@2x.jpg in Resources */,
				3467BFB924A92A2D00101453 /* tower-burger-thumb@2x.jpg in Resources */,
				3467BFAC24A92A2D00101453 /* pesto-farfalle-thumb@3x.jpg in Resources */,
				3467BFEC24A92A2D00101453 /* mushroom-tagliatelle@2x.jpg in Resources */,
				3467BFD824A92A2D00101453 /* stack-o-pancakes-thumb@3x.jpg in Resources */,
				3467BFDF24A92A2D00101453 /* macarons-galore@3x.jpg in Resources */,
				3467BFF224A92A2D00101453 /* all-out-donuts-thumb@3x.jpg in Resources */,
				3467BFBF24A92A2D00101453 /* pesto-farfalle@3x.jpg in Resources */,
				3467BFA424A92A2D00101453 /* macarons-galore-thumb@2x.jpg in Resources */,
				3467BFD624A92A2D00101453 /* strawberry-cooler-thumb@3x.jpg in Resources */,
				3467BFAE24A92A2D00101453 /* strawberry-surprise-thumb@3x.jpg in Resources */,
				3467C00E24A92A2D00101453 /* menu.json in Resources */,
				3467C00824A92A2D00101453 /* superfood-salad@2x.jpg in Resources */,
				3467BFB124A92A2D00101453 /* pepperoni-pizza@3x.jpg in Resources */,
				3467BFDD24A92A2D00101453 /* veggie-pizza@3x.jpg in Resources */,
				3467BFEF24A92A2D00101453 /* full-english-thumb@2x.jpg in Resources */,
				3467BFD524A92A2D00101453 /* paella-alicante@3x.jpg in Resources */,
				3467BFF524A92A2D00101453 /* veggie-pizza@2x.jpg in Resources */,
				3467BFD924A92A2D00101453 /* cheese-toastie-thumb@2x.jpg in Resources */,
				3467C00624A92A2D00101453 /* pepperoni-pizza-thumb@3x.jpg in Resources */,
				3467BFE224A92A2D00101453 /* thai-red-curry-thumb@2x.jpg in Resources */,
				3467BFCC24A92A2D00101453 /* pesto-farfalle@2x.jpg in Resources */,
				3467BFCA24A92A2D00101453 /* power-muesli-thumb@3x.jpg in Resources */,
				3467BFF424A92A2D00101453 /* macarons-galore@2x.jpg in Resources */,
				3467BFBB24A92A2D00101453 /* porridge-deluxe@2x.jpg in Resources */,
				3467BFAB24A92A2D00101453 /* fresh-baked-croissant@3x.jpg in Resources */,
				3467BFC224A92A2D00101453 /* power-muesli-thumb@2x.jpg in Resources */,
				3467BFC024A92A2D00101453 /* stack-o-pancakes@2x.jpg in Resources */,
				3467BFCD24A92A2D00101453 /* tower-burger@2x.jpg in Resources */,
				3467BFAF24A92A2D00101453 /* mushroom-tagliatelle-thumb@2x.jpg in Resources */,
				3467BFC124A92A2D00101453 /* powerhouse-coffee@3x.jpg in Resources */,
				3467C00524A92A2D00101453 /* full-english@2x.jpg in Resources */,
				3467BFB524A92A2D00101453 /* strawberry-cooler-thumb@2x.jpg in Resources */,
				3467C00324A92A2D00101453 /* fillet-steak@3x.jpg in Resources */,
				3467BFA524A92A2D00101453 /* power-muesli@2x.jpg in Resources */,
				3467BFBD24A92A2D00101453 /* superfood-salad-thumb@2x.jpg in Resources */,
				3467BFC924A92A2D00101453 /* powerhouse-coffee@2x.jpg in Resources */,
				3467BFCF24A92A2D00101453 /* porridge-deluxe@3x.jpg in Resources */,
				3467BFB624A92A2D00101453 /* paella-alicante@2x.jpg in Resources */,
				3467BF9D24A92A2D00101453 /* maple-french-toast@2x.jpg in Resources */,
				349A465424A92329004CDE3C /* LaunchScreen.storyboard in Resources */,
				3467BFE324A92A2D00101453 /* fresh-baked-croissant-thumb@2x.jpg in Resources */,
				3467BFA024A92A2D00101453 /* virgin-mojito@3x.jpg in Resources */,
				3467BFCE24A92A2D00101453 /* superfood-salad-thumb@3x.jpg in Resources */,
				3467BFF324A92A2D00101453 /* maple-french-toast-thumb@3x.jpg in Resources */,
				3467BFB724A92A2D00101453 /* super-sundae-thumb@3x.jpg in Resources */,
				3467BFFB24A92A2D00101453 /* penne-carbonara-thumb@2x.jpg in Resources */,
				3467BFFA24A92A2D00101453 /* straight-up-oj@2x.jpg in Resources */,
				3467BFE924A92A2D00101453 /* strawberry-surprise@2x.jpg in Resources */,
				3467BFA224A92A2D00101453 /* fresh-baked-croissant@2x.jpg in Resources */,
				3467BFE024A92A2D00101453 /* maple-french-toast-thumb@2x.jpg in Resources */,
				3467BFC824A92A2D00101453 /* powerhouse-coffee-thumb@3x.jpg in Resources */,
				3467BFF724A92A2D00101453 /* chrysanthemum-tea@3x.jpg in Resources */,
				349A465124A92329004CDE3C /* Preview Assets.xcassets in Resources */,
				3467BFAD24A92A2D00101453 /* virgin-mojito@2x.jpg in Resources */,
				3467BFDC24A92A2D00101453 /* chrysanthemum-tea@2x.jpg in Resources */,
				3467BFB824A92A2D00101453 /* virgin-mojito-thumb@2x.jpg in Resources */,
				3467BFE724A92A2D00101453 /* mushroom-tagliatelle@3x.jpg in Resources */,
				3467BFEE24A92A2D00101453 /* strawberry-cooler@3x.jpg in Resources */,
				3467C00A24A92A2D00101453 /* penne-carbonara-thumb@3x.jpg in Resources */,
				3467BFDB24A92A2D00101453 /* penne-carbonara@3x.jpg in Resources */,
				349A464E24A92329004CDE3C /* Assets.xcassets in Resources */,
				3467BFFE24A92A2D00101453 /* paella-alicante-thumb@3x.jpg in Resources */,
				3467C00224A92A2D00101453 /* fillet-steak@2x.jpg in Resources */,
				3467BFA724A92A2D00101453 /* mexican-mocha-thumb@3x.jpg in Resources */,
				3467BFE424A92A2D00101453 /* full-english-thumb@3x.jpg in Resources */,
				3467BFC624A92A2D00101453 /* all-out-donuts@3x.jpg in Resources */,
				3467BFD024A92A2D00101453 /* porridge-deluxe-thumb@2x.jpg in Resources */,
				3467BFAA24A92A2D00101453 /* thai-red-curry@3x.jpg in Resources */,
				3467BFA324A92A2D00101453 /* thai-red-curry@2x.jpg in Resources */,
				3467C00724A92A2D00101453 /* paella-alicante-thumb@2x.jpg in Resources */,
				3467BFD324A92A2D00101453 /* virgin-mojito-thumb@3x.jpg in Resources */,
				3467BFB424A92A2D00101453 /* corn-on-the-cob@2x.jpg in Resources */,
				3467BFF024A92A2D00101453 /* fresh-baked-croissant-thumb@3x.jpg in Resources */,
				3467BFB024A92A2D00101453 /* maple-french-toast@3x.jpg in Resources */,
				3467C00B24A92A2D00101453 /* fillet-steak-thumb@3x.jpg in Resources */,
				3467BFF124A92A2D00101453 /* thai-red-curry-thumb@3x.jpg in Resources */,
				3467BF9F24A92A2D00101453 /* strawberry-surprise-thumb@2x.jpg in Resources */,
				3467BFA124A92A2D00101453 /* pesto-farfalle-thumb@2x.jpg in Resources */,
				3467BFD724A92A2D00101453 /* corn-on-the-cob@3x.jpg in Resources */,
				3467BFC324A92A2D00101453 /* powerhouse-coffee-thumb@2x.jpg in Resources */,
				3467BFEB24A92A2D00101453 /* straight-up-oj-thumb@3x.jpg in Resources */,
				3467BFA924A92A2D00101453 /* macarons-galore-thumb@3x.jpg in Resources */,
				3467C00C24A92A2D00101453 /* straight-up-oj@3x.jpg in Resources */,
				3467BFBA24A92A2D00101453 /* cheese-toastie@2x.jpg in Resources */,
				3467BFF824A92A2D00101453 /* penne-carbonara@2x.jpg in Resources */,
				3467BFFD24A92A2D00101453 /* superfood-salad@3x.jpg in Resources */,
				3467BFD124A92A2D00101453 /* tower-burger-thumb@3x.jpg in Resources */,
				3467BFED24A92A2D00101453 /* mexican-mocha@2x.jpg in Resources */,
				3467BF9E24A92A2D00101453 /* mushroom-tagliatelle-thumb@3x.jpg in Resources */,
				3467BFC724A92A2D00101453 /* chrysanthemum-tea-thumb@2x.jpg in Resources */,
				3467BFDA24A92A2D00101453 /* pepperoni-pizza@2x.jpg in Resources */,
				3467BFEA24A92A2D00101453 /* strawberry-surprise@3x.jpg in Resources */,
			);
			runOnlyForDeploymentPostprocessing = 0;
		};
/* End PBXResourcesBuildPhase section */

/* Begin PBXSourcesBuildPhase section */
		349A464024A92327004CDE3C /* Sources */ = {
			isa = PBXSourcesBuildPhase;
			buildActionMask = 2147483647;
			files = (
				3467C01024A92A2D00101453 /* Menu.swift in Sources */,
				349A464824A92327004CDE3C /* AppDelegate.swift in Sources */,
				349A464A24A92327004CDE3C /* SceneDelegate.swift in Sources */,
				3467C01224A94FF200101453 /* ItemRow.swift in Sources */,
				3467C00F24A92A2D00101453 /* Helper.swift in Sources */,
				3467C01424A9573500101453 /* ItemDetail.swift in Sources */,
				3467C00D24A92A2D00101453 /* Order.swift in Sources */,
				349A464C24A92327004CDE3C /* ContentView.swift in Sources */,
			);
			runOnlyForDeploymentPostprocessing = 0;
		};
/* End PBXSourcesBuildPhase section */

/* Begin PBXVariantGroup section */
		349A465224A92329004CDE3C /* LaunchScreen.storyboard */ = {
			isa = PBXVariantGroup;
			children = (
				349A465324A92329004CDE3C /* Base */,
			);
			name = LaunchScreen.storyboard;
			sourceTree = "<group>";
		};
/* End PBXVariantGroup section */

/* Begin XCBuildConfiguration section */
		349A465624A92329004CDE3C /* Debug */ = {
			isa = XCBuildConfiguration;
			buildSettings = {
				ALWAYS_SEARCH_USER_PATHS = NO;
				CLANG_ANALYZER_NONNULL = YES;
				CLANG_ANALYZER_NUMBER_OBJECT_CONVERSION = YES_AGGRESSIVE;
				CLANG_CXX_LANGUAGE_STANDARD = "gnu++14";
				CLANG_CXX_LIBRARY = "libc++";
				CLANG_ENABLE_MODULES = YES;
				CLANG_ENABLE_OBJC_ARC = YES;
				CLANG_ENABLE_OBJC_WEAK = YES;
				CLANG_WARN_BLOCK_CAPTURE_AUTORELEASING = YES;
				CLANG_WARN_BOOL_CONVERSION = YES;
				CLANG_WARN_COMMA = YES;
				CLANG_WARN_CONSTANT_CONVERSION = YES;
				CLANG_WARN_DEPRECATED_OBJC_IMPLEMENTATIONS = YES;
				CLANG_WARN_DIRECT_OBJC_ISA_USAGE = YES_ERROR;
				CLANG_WARN_DOCUMENTATION_COMMENTS = YES;
				CLANG_WARN_EMPTY_BODY = YES;
				CLANG_WARN_ENUM_CONVERSION = YES;
				CLANG_WARN_INFINITE_RECURSION = YES;
				CLANG_WARN_INT_CONVERSION = YES;
				CLANG_WARN_NON_LITERAL_NULL_CONVERSION = YES;
				CLANG_WARN_OBJC_IMPLICIT_RETAIN_SELF = YES;
				CLANG_WARN_OBJC_LITERAL_CONVERSION = YES;
				CLANG_WARN_OBJC_ROOT_CLASS = YES_ERROR;
				CLANG_WARN_RANGE_LOOP_ANALYSIS = YES;
				CLANG_WARN_STRICT_PROTOTYPES = YES;
				CLANG_WARN_SUSPICIOUS_MOVE = YES;
				CLANG_WARN_UNGUARDED_AVAILABILITY = YES_AGGRESSIVE;
				CLANG_WARN_UNREACHABLE_CODE = YES;
				CLANG_WARN__DUPLICATE_METHOD_MATCH = YES;
				COPY_PHASE_STRIP = NO;
				DEBUG_INFORMATION_FORMAT = dwarf;
				ENABLE_STRICT_OBJC_MSGSEND = YES;
				ENABLE_TESTABILITY = YES;
				GCC_C_LANGUAGE_STANDARD = gnu11;
				GCC_DYNAMIC_NO_PIC = NO;
				GCC_NO_COMMON_BLOCKS = YES;
				GCC_OPTIMIZATION_LEVEL = 0;
				GCC_PREPROCESSOR_DEFINITIONS = (
					"DEBUG=1",
					"$(inherited)",
				);
				GCC_WARN_64_TO_32_BIT_CONVERSION = YES;
				GCC_WARN_ABOUT_RETURN_TYPE = YES_ERROR;
				GCC_WARN_UNDECLARED_SELECTOR = YES;
				GCC_WARN_UNINITIALIZED_AUTOS = YES_AGGRESSIVE;
				GCC_WARN_UNUSED_FUNCTION = YES;
				GCC_WARN_UNUSED_VARIABLE = YES;
				IPHONEOS_DEPLOYMENT_TARGET = 13.2;
				MTL_ENABLE_DEBUG_INFO = INCLUDE_SOURCE;
				MTL_FAST_MATH = YES;
				ONLY_ACTIVE_ARCH = YES;
				SDKROOT = iphoneos;
				SWIFT_ACTIVE_COMPILATION_CONDITIONS = DEBUG;
				SWIFT_OPTIMIZATION_LEVEL = "-Onone";
			};
			name = Debug;
		};
		349A465724A92329004CDE3C /* Release */ = {
			isa = XCBuildConfiguration;
			buildSettings = {
				ALWAYS_SEARCH_USER_PATHS = NO;
				CLANG_ANALYZER_NONNULL = YES;
				CLANG_ANALYZER_NUMBER_OBJECT_CONVERSION = YES_AGGRESSIVE;
				CLANG_CXX_LANGUAGE_STANDARD = "gnu++14";
				CLANG_CXX_LIBRARY = "libc++";
				CLANG_ENABLE_MODULES = YES;
				CLANG_ENABLE_OBJC_ARC = YES;
				CLANG_ENABLE_OBJC_WEAK = YES;
				CLANG_WARN_BLOCK_CAPTURE_AUTORELEASING = YES;
				CLANG_WARN_BOOL_CONVERSION = YES;
				CLANG_WARN_COMMA = YES;
				CLANG_WARN_CONSTANT_CONVERSION = YES;
				CLANG_WARN_DEPRECATED_OBJC_IMPLEMENTATIONS = YES;
				CLANG_WARN_DIRECT_OBJC_ISA_USAGE = YES_ERROR;
				CLANG_WARN_DOCUMENTATION_COMMENTS = YES;
				CLANG_WARN_EMPTY_BODY = YES;
				CLANG_WARN_ENUM_CONVERSION = YES;
				CLANG_WARN_INFINITE_RECURSION = YES;
				CLANG_WARN_INT_CONVERSION = YES;
				CLANG_WARN_NON_LITERAL_NULL_CONVERSION = YES;
				CLANG_WARN_OBJC_IMPLICIT_RETAIN_SELF = YES;
				CLANG_WARN_OBJC_LITERAL_CONVERSION = YES;
				CLANG_WARN_OBJC_ROOT_CLASS = YES_ERROR;
				CLANG_WARN_RANGE_LOOP_ANALYSIS = YES;
				CLANG_WARN_STRICT_PROTOTYPES = YES;
				CLANG_WARN_SUSPICIOUS_MOVE = YES;
				CLANG_WARN_UNGUARDED_AVAILABILITY = YES_AGGRESSIVE;
				CLANG_WARN_UNREACHABLE_CODE = YES;
				CLANG_WARN__DUPLICATE_METHOD_MATCH = YES;
				COPY_PHASE_STRIP = NO;
				DEBUG_INFORMATION_FORMAT = "dwarf-with-dsym";
				ENABLE_NS_ASSERTIONS = NO;
				ENABLE_STRICT_OBJC_MSGSEND = YES;
				GCC_C_LANGUAGE_STANDARD = gnu11;
				GCC_NO_COMMON_BLOCKS = YES;
				GCC_WARN_64_TO_32_BIT_CONVERSION = YES;
				GCC_WARN_ABOUT_RETURN_TYPE = YES_ERROR;
				GCC_WARN_UNDECLARED_SELECTOR = YES;
				GCC_WARN_UNINITIALIZED_AUTOS = YES_AGGRESSIVE;
				GCC_WARN_UNUSED_FUNCTION = YES;
				GCC_WARN_UNUSED_VARIABLE = YES;
				IPHONEOS_DEPLOYMENT_TARGET = 13.2;
				MTL_ENABLE_DEBUG_INFO = NO;
				MTL_FAST_MATH = YES;
				SDKROOT = iphoneos;
				SWIFT_COMPILATION_MODE = wholemodule;
				SWIFT_OPTIMIZATION_LEVEL = "-O";
				VALIDATE_PRODUCT = YES;
			};
			name = Release;
		};
		349A465924A92329004CDE3C /* Debug */ = {
			isa = XCBuildConfiguration;
			buildSettings = {
				ASSETCATALOG_COMPILER_APPICON_NAME = AppIcon;
				CODE_SIGN_STYLE = Automatic;
				DEVELOPMENT_ASSET_PATHS = "\"iDine/Preview Content\"";
				DEVELOPMENT_TEAM = A8SA62ZA26;
				ENABLE_PREVIEWS = YES;
				INFOPLIST_FILE = iDine/Info.plist;
				LD_RUNPATH_SEARCH_PATHS = (
					"$(inherited)",
					"@executable_path/Frameworks",
				);
				PRODUCT_BUNDLE_IDENTIFIER = com.davidemi.iDine;
				PRODUCT_NAME = "$(TARGET_NAME)";
				SWIFT_VERSION = 5.0;
				TARGETED_DEVICE_FAMILY = "1,2";
			};
			name = Debug;
		};
		349A465A24A92329004CDE3C /* Release */ = {
			isa = XCBuildConfiguration;
			buildSettings = {
				ASSETCATALOG_COMPILER_APPICON_NAME = AppIcon;
				CODE_SIGN_STYLE = Automatic;
				DEVELOPMENT_ASSET_PATHS = "\"iDine/Preview Content\"";
				DEVELOPMENT_TEAM = A8SA62ZA26;
				ENABLE_PREVIEWS = YES;
				INFOPLIST_FILE = iDine/Info.plist;
				LD_RUNPATH_SEARCH_PATHS = (
					"$(inherited)",
					"@executable_path/Frameworks",
				);
				PRODUCT_BUNDLE_IDENTIFIER = com.davidemi.iDine;
				PRODUCT_NAME = "$(TARGET_NAME)";
				SWIFT_VERSION = 5.0;
				TARGETED_DEVICE_FAMILY = "1,2";
			};
			name = Release;
		};
/* End XCBuildConfiguration section */

/* Begin XCConfigurationList section */
		349A463F24A92327004CDE3C /* Build configuration list for PBXProject "iDine" */ = {
			isa = XCConfigurationList;
			buildConfigurations = (
				349A465624A92329004CDE3C /* Debug */,
				349A465724A92329004CDE3C /* Release */,
			);
			defaultConfigurationIsVisible = 0;
			defaultConfigurationName = Release;
		};
		349A465824A92329004CDE3C /* Build configuration list for PBXNativeTarget "iDine" */ = {
			isa = XCConfigurationList;
			buildConfigurations = (
				349A465924A92329004CDE3C /* Debug */,
				349A465A24A92329004CDE3C /* Release */,
			);
			defaultConfigurationIsVisible = 0;
			defaultConfigurationName = Release;
		};
/* End XCConfigurationList section */
	};
	rootObject = 349A463C24A92327004CDE3C /* Project object */;
}
